<?xml version="1.0" encoding="UTF-8" standalone="yes" ?>
<CodeBlocks_project_file>
	<FileVersion major="1" minor="6" />
	<Project>
		<Option title="Drivers" />
		<Option makefile="makefile" />
		<Option execution_dir="C:/newdrp/newcur/" />
		<Option pch_mode="2" />
		<Option compiler="gcc" />
		<Build>
			<Target title="Win32 Release">
				<Option output="../SDI_R" prefix_auto="1" extension_auto="1" />
				<Option working_dir=".." />
				<Option object_output="../obj/Release" />
				<Option type="1" />
				<Option compiler="gcc" />
				<Option use_console_runner="0" />
				<Option parameters="-disableinstall -extractdir:temp1 -showconsole" />
				<Compiler>
					<Add option="-fomit-frame-pointer" />
					<Add option="-fexpensive-optimizations" />
					<Add option="-O3" />
					<Add option="-std=c++11" />
					<Add option="-DNDEBUG" />
					<Add option="-DUSE_TORRENT" />
				</Compiler>
				<Linker>
					<Add option="-s" />
					<Add option="-m32" />
					<Add library="webp" />
					<Add library="torrent" />
					<Add library="wsock32" />
					<Add library="ws2_32" />
					<Add library="boost_system32" />
					<Add directory="../lib/ReleaseU" />
					<Add directory="C:/Boost/lib" />
				</Linker>
			</Target>
			<Target title="Win32 Debug">
				<Option output="../SDI_RD" prefix_auto="1" extension_auto="1" />
				<Option working_dir=".." />
				<Option object_output="../obj/Debug" />
				<Option type="1" />
				<Option compiler="gcc" />
				<Option use_console_runner="0" />
				<Option parameters="-disableinstall -extractdir:temp1 -showconsole" />
				<Compiler>
					<Add option="-std=c++11" />
					<Add option="-pg" />
					<Add option="-g" />
					<Add option="-D_DEBUG" />
					<Add option="-DUSE_TORRENT" />
				</Compiler>
				<Linker>
					<Add option="-pg -lgmon" />
					<Add option="-m32" />
					<Add library="webp" />
					<Add library="torrent" />
					<Add library="wsock32" />
					<Add library="ws2_32" />
					<Add library="boost_system32" />
					<Add directory="../lib/DebugU" />
					<Add directory="C:/Boost/lib" />
				</Linker>
			</Target>
			<Target title="Win64 Release">
				<Option output="../SDI_x64_R" prefix_auto="1" extension_auto="1" />
				<Option working_dir=".." />
				<Option object_output="../obj/Release64" />
				<Option type="1" />
				<Option compiler="gcc_64" />
				<Option use_console_runner="0" />
				<Option parameters="-disableinstall -extractdir:temp1 -showconsole" />
				<Compiler>
					<Add option="-fomit-frame-pointer" />
					<Add option="-fexpensive-optimizations" />
					<Add option="-O3" />
					<Add option="-std=c++11" />
					<Add option="-m64" />
					<Add option="-DNDEBUG" />
					<Add option="-DUSE_TORRENT" />
				</Compiler>
				<Linker>
					<Add option="-s" />
					<Add option="-m64" />
					<Add library="webp64" />
					<Add library="torrent" />
					<Add library="wsock32" />
					<Add library="ws2_32" />
					<Add library="boost_system-mt" />
					<Add directory="../lib/Release64U" />
					<Add directory="C:/Boost64/lib" />
				</Linker>
			</Target>
			<Target title="Win64 Debug">
				<Option output="../SDI_x64_RD" prefix_auto="1" extension_auto="1" />
				<Option working_dir=".." />
				<Option object_output="../obj/Debug64U" />
				<Option type="1" />
				<Option compiler="gcc_64" />
				<Option use_console_runner="0" />
				<Option parameters="-disableinstall -extractdir:temp1 -showconsole" />
				<Compiler>
					<Add option="-std=c++11" />
					<Add option="-pg" />
					<Add option="-g" />
					<Add option="-m64" />
					<Add option="-D_DEBUG" />
					<Add option="-DUSE_TORRENT" />
				</Compiler>
				<Linker>
					<Add option="-pg -lgmon" />
					<Add option="-m64" />
					<Add library="webp64" />
					<Add library="torrent" />
					<Add library="wsock32" />
					<Add library="ws2_32" />
					<Add library="boost_system-mt" />
					<Add directory="../lib/Debug64U" />
					<Add directory="C:/Boost64/lib" />
				</Linker>
			</Target>
			<Target title="Win32 Console">
				<Option output="../SDI_RC" prefix_auto="1" extension_auto="1" />
				<Option working_dir=".." />
				<Option object_output="../obj/Console" />
				<Option type="1" />
				<Option compiler="gcc" />
				<Option use_console_runner="0" />
				<Option parameters="-disableinstall -extractdir:temp1 -showconsole" />
				<Compiler>
					<Add option="-fomit-frame-pointer" />
					<Add option="-fexpensive-optimizations" />
					<Add option="-O3" />
					<Add option="-std=c++11" />
					<Add option="-DNDEBUG" />
					<Add option="-DCONSOLE_MODE" />
				</Compiler>
				<Linker>
					<Add option="-s" />
					<Add option="-m32" />
					<Add library="boost_system32" />
					<Add directory="../lib/ReleaseU" />
					<Add directory="C:/Boost/lib" />
				</Linker>
			</Target>
		</Build>
		<Compiler>
			<Add option="-Wnon-virtual-dtor" />
			<Add option="-Wshadow" />
			<Add option="-Winit-self" />
			<Add option="-Wredundant-decls" />
			<Add option="-Wcast-align" />
			<Add option="-Wfloat-equal" />
			<Add option="-Wunreachable-code" />
			<Add option="-Wmissing-declarations" />
			<Add option="-Wmissing-include-dirs" />
			<Add option="-Wswitch-enum" />
			<Add option="-Wswitch-default" />
			<Add option="-Weffc++" />
			<Add option="-Wzero-as-null-pointer-constant" />
			<Add option="-Wmain" />
			<Add option="-pedantic" />
			<Add option="-Wextra" />
			<Add option="-Wall" />
			<Add option="-std=c++11" />
			<Add option="-fexceptions" />
			<Add option="-m32" />
			<Add option="-finput-charset=CP1251" />
			<Add option="-Wunused" />
			<Add option="-DWIN32" />
			<Add option="-D_CONSOLE" />
			<Add option="-DEXCLUDE_COM" />
			<Add option="-DNO_REGISTRY" />
			<Add option="-D_MBCS" />
			<Add option="-DUNICODE" />
			<Add option="-D_UNICODE" />
			<Add option="-D_NO_CRYPTO" />
			<Add option="-DEXTRACT_ONLY" />
			<Add option="-D_WIN32_WINNT=0x0500" />
			<Add option="-DWINVER=0x0500" />
			<Add directory="../resources" />
			<Add directory="../external/SevenZ/build/C" />
			<Add directory="C:/Boost/include" />
		</Compiler>
		<Linker>
			<Add option="-static-libstdc++" />
			<Add option="-static" />
			<Add library="msimg32" />
			<Add library="baseboard" />
			<Add library="7z" />
			<Add library="kernel32" />
			<Add library="user32" />
			<Add library="gdi32" />
			<Add library="winspool" />
			<Add library="comdlg32" />
			<Add library="advapi32" />
			<Add library="shell32" />
			<Add library="ole32" />
			<Add library="oleaut32" />
			<Add library="uuid" />
			<Add library="odbc32" />
			<Add library="odbccp32" />
			<Add library="setupapi" />
			<Add library="shlwapi" />
			<Add library="newdev" />
			<Add library="comctl32" />
			<Add library="wbemuuid" />
			<Add library="boost_thread-mt" />
			<Add directory="../external" />
		</Linker>
		<ExtraCommands>
			<Add before="..\SubWCRev32.exe .. ..\source\svnrev_template.h ..\source\svnrev.h" />
		</ExtraCommands>
		<Unit filename="../resources/cli.txt" />
		<Unit filename="../resources/resources.h" />
		<Unit filename="../resources/resources.rc">
			<Option compilerVar="WINDRES" />
		</Unit>
		<Unit filename="../source/cli.cpp">
			<Option compilerVar="CC" />
		</Unit>
		<Unit filename="../source/cli.h" />
		<Unit filename="../source/common.cpp">
			<Option compilerVar="CC" />
		</Unit>
		<Unit filename="../source/common.h" />
		<Unit filename="../source/device.h" />
		<Unit filename="../source/draw.cpp">
			<Option compilerVar="CC" />
		</Unit>
		<Unit filename="../source/draw.h" />
		<Unit filename="../source/enum.cpp">
			<Option compilerVar="CC" />
		</Unit>
		<Unit filename="../source/enum.h" />
		<Unit filename="../source/guicon.cpp">
			<Option compilerVar="CC" />
		</Unit>
		<Unit filename="../source/guicon.h" />
		<Unit filename="../source/indexing.cpp">
			<Option compilerVar="CC" />
		</Unit>
		<Unit filename="../source/indexing.h" />
		<Unit filename="../source/install.cpp">
			<Option compilerVar="CC" />
		</Unit>
		<Unit filename="../source/install.h" />
		<Unit filename="../source/langlist.cpp">
			<Option compilerVar="CC" />
		</Unit>
		<Unit filename="../source/langlist.h" />
		<Unit filename="../source/main.cpp">
			<Option compilerVar="CC" />
		</Unit>
		<Unit filename="../source/main.h" />
		<Unit filename="../source/manager.cpp">
			<Option compilerVar="CC" />
		</Unit>
		<Unit filename="../source/manager.h" />
		<Unit filename="../source/matcher.cpp">
			<Option compilerVar="CC" />
		</Unit>
		<Unit filename="../source/matcher.h" />
		<Unit filename="../source/svnrev.h" />
		<Unit filename="../source/theme.cpp">
			<Option compilerVar="CC" />
		</Unit>
		<Unit filename="../source/theme.h" />
		<Unit filename="../source/themelist.cpp">
			<Option compilerVar="CC" />
		</Unit>
		<Unit filename="../source/themelist.h" />
		<Unit filename="../source/update.cpp" />
		<Unit filename="../source/update.h" />
		<Extensions>
			<code_completion />
			<envvars />
			<debugger />
			<lib_finder disable_auto="1" />
			<DoxyBlocks>
				<comment_style block="0" line="0" />
				<doxyfile_project />
				<doxyfile_build />
				<doxyfile_warnings />
				<doxyfile_output />
				<doxyfile_dot />
				<general />
			</DoxyBlocks>
		</Extensions>
	</Project>
</CodeBlocks_project_file>
